
Microsoft Visual Studio Solution File, Format Version 12.00
# Visual Studio Version 17
VisualStudioVersion = 17.5.002.0
MinimumVisualStudioVersion = 10.0.40219.1
Project("{9A19103F-16F7-4668-BE54-9A1E7A4F7556}") = "Shop.Front", "Shop.csproj", "{EE71C7C0-0B90-40E9-A633-D09AC4BBE28E}"
EndProject
Global
	GlobalSection(SolutionConfigurationPlatforms) = preSolution
		Debug|Any CPU = Debug|Any CPU
		Release|Any CPU = Release|Any CPU
	EndGlobalSection
	GlobalSection(ProjectConfigurationPlatforms) = postSolution
		{EE71C7C0-0B90-40E9-A633-D09AC4BBE28E}.Debug|Any CPU.ActiveCfg = Debug|Any CPU
		{EE71C7C0-0B90-40E9-A633-D09AC4BBE28E}.Debug|Any CPU.Build.0 = Debug|Any CPU
		{EE71C7C0-0B90-40E9-A633-D09AC4BBE28E}.Release|Any CPU.ActiveCfg = Release|Any CPU
		{EE71C7C0-0B90-40E9-A633-D09AC4BBE28E}.Release|Any CPU.Build.0 = Release|Any CPU
	EndGlobalSection
	GlobalSection(SolutionProperties) = preSolution
		HideSolutionNode = FALSE
	EndGlobalSection
	GlobalSection(ExtensibilityGlobals) = postSolution
		SolutionGuid = {4DCD1367-9E4C-4A18-B388-989E48F559C0}
	EndGlobalSection
EndGlobal
